// !$*UTF8*$!
{
	archiveVersion = 1;
	classes = {
	};
	objectVersion = 56;
	objects = {

/* Begin PBXBuildFile section */
		DE6C94B7292CC4D200E96E18 /* SwiftUITutorialsApp.swift in Sources */ = {isa = PBXBuildFile; fileRef = DE6C94B6292CC4D200E96E18 /* SwiftUITutorialsApp.swift */; };
		DE6C94B9292CC4D200E96E18 /* ContentView.swift in Sources */ = {isa = PBXBuildFile; fileRef = DE6C94B8292CC4D200E96E18 /* ContentView.swift */; };
		DE6C94BB292CC4D300E96E18 /* Assets.xcassets in Resources */ = {isa = PBXBuildFile; fileRef = DE6C94BA292CC4D300E96E18 /* Assets.xcassets */; };
		DE6C94BF292CC4D300E96E18 /* Preview Assets.xcassets in Resources */ = {isa = PBXBuildFile; fileRef = DE6C94BE292CC4D300E96E18 /* Preview Assets.xcassets */; };
		DE6C94C9292CC4D300E96E18 /* SwiftUITutorialsTests.swift in Sources */ = {isa = PBXBuildFile; fileRef = DE6C94C8292CC4D300E96E18 /* SwiftUITutorialsTests.swift */; };
		DE6C94D3292CC4D300E96E18 /* SwiftUITutorialsUITests.swift in Sources */ = {isa = PBXBuildFile; fileRef = DE6C94D2292CC4D300E96E18 /* SwiftUITutorialsUITests.swift */; };
		DE6C94D5292CC4D300E96E18 /* SwiftUITutorialsUITestsLaunchTests.swift in Sources */ = {isa = PBXBuildFile; fileRef = DE6C94D4292CC4D300E96E18 /* SwiftUITutorialsUITestsLaunchTests.swift */; };
/* End PBXBuildFile section */

/* Begin PBXContainerItemProxy section */
		DE6C94C5292CC4D300E96E18 /* PBXContainerItemProxy */ = {
			isa = PBXContainerItemProxy;
			containerPortal = DE6C94AB292CC4D200E96E18 /* Project object */;
			proxyType = 1;
			remoteGlobalIDString = DE6C94B2292CC4D200E96E18;
			remoteInfo = SwiftUITutorials;
		};
		DE6C94CF292CC4D300E96E18 /* PBXContainerItemProxy */ = {
			isa = PBXContainerItemProxy;
			containerPortal = DE6C94AB292CC4D200E96E18 /* Project object */;
			proxyType = 1;
			remoteGlobalIDString = DE6C94B2292CC4D200E96E18;
			remoteInfo = SwiftUITutorials;
		};
/* End PBXContainerItemProxy section */

/* Begin PBXFileReference section */
		DE6C94B3292CC4D200E96E18 /* SwiftUITutorials.app */ = {isa = PBXFileReference; explicitFileType = wrapper.application; includeInIndex = 0; path = SwiftUITutorials.app; sourceTree = BUILT_PRODUCTS_DIR; };
		DE6C94B6292CC4D200E96E18 /* SwiftUITutorialsApp.swift */ = {isa = PBXFileReference; lastKnownFileType = sourcecode.swift; path = SwiftUITutorialsApp.swift; sourceTree = "<group>"; };
		DE6C94B8292CC4D200E96E18 /* ContentView.swift */ = {isa = PBXFileReference; lastKnownFileType = sourcecode.swift; path = ContentView.swift; sourceTree = "<group>"; };
		DE6C94BA292CC4D300E96E18 /* Assets.xcassets */ = {isa = PBXFileReference; lastKnownFileType = folder.assetcatalog; path = Assets.xcassets; sourceTree = "<group>"; };
		DE6C94BC292CC4D300E96E18 /* SwiftUITutorials.entitlements */ = {isa = PBXFileReference; lastKnownFileType = text.plist.entitlements; path = SwiftUITutorials.entitlements; sourceTree = "<group>"; };
		DE6C94BE292CC4D300E96E18 /* Preview Assets.xcassets */ = {isa = PBXFileReference; lastKnownFileType = folder.assetcatalog; path = "Preview Assets.xcassets"; sourceTree = "<group>"; };
		DE6C94C4292CC4D300E96E18 /* SwiftUITutorialsTests.xctest */ = {isa = PBXFileReference; explicitFileType = wrapper.cfbundle; includeInIndex = 0; path = SwiftUITutorialsTests.xctest; sourceTree = BUILT_PRODUCTS_DIR; };
		DE6C94C8292CC4D300E96E18 /* SwiftUITutorialsTests.swift */ = {isa = PBXFileReference; lastKnownFileType = sourcecode.swift; path = SwiftUITutorialsTests.swift; sourceTree = "<group>"; };
		DE6C94CE292CC4D300E96E18 /* SwiftUITutorialsUITests.xctest */ = {isa = PBXFileReference; explicitFileType = wrapper.cfbundle; includeInIndex = 0; path = SwiftUITutorialsUITests.xctest; sourceTree = BUILT_PRODUCTS_DIR; };
		DE6C94D2292CC4D300E96E18 /* SwiftUITutorialsUITests.swift */ = {isa = PBXFileReference; lastKnownFileType = sourcecode.swift; path = SwiftUITutorialsUITests.swift; sourceTree = "<group>"; };
		DE6C94D4292CC4D300E96E18 /* SwiftUITutorialsUITestsLaunchTests.swift */ = {isa = PBXFileReference; lastKnownFileType = sourcecode.swift; path = SwiftUITutorialsUITestsLaunchTests.swift; sourceTree = "<group>"; };
/* End PBXFileReference section */

/* Begin PBXFrameworksBuildPhase section */
		DE6C94B0292CC4D200E96E18 /* Frameworks */ = {
			isa = PBXFrameworksBuildPhase;
			buildActionMask = 2147483647;
			files = (
			);
			runOnlyForDeploymentPostprocessing = 0;
		};
		DE6C94C1292CC4D300E96E18 /* Frameworks */ = {
			isa = PBXFrameworksBuildPhase;
			buildActionMask = 2147483647;
			files = (
			);
			runOnlyForDeploymentPostprocessing = 0;
		};
		DE6C94CB292CC4D300E96E18 /* Frameworks */ = {
			isa = PBXFrameworksBuildPhase;
			buildActionMask = 2147483647;
			files = (
			);
			runOnlyForDeploymentPostprocessing = 0;
		};
/* End PBXFrameworksBuildPhase section */

/* Begin PBXGroup section */
		DE6C94AA292CC4D200E96E18 = {
			isa = PBXGroup;
			children = (
				DE6C94B5292CC4D200E96E18 /* SwiftUITutorials */,
				DE6C94C7292CC4D300E96E18 /* SwiftUITutorialsTests */,
				DE6C94D1292CC4D300E96E18 /* SwiftUITutorialsUITests */,
				DE6C94B4292CC4D200E96E18 /* Products */,
			);
			sourceTree = "<group>";
		};
		DE6C94B4292CC4D200E96E18 /* Products */ = {
			isa = PBXGroup;
			children = (
				DE6C94B3292CC4D200E96E18 /* SwiftUITutorials.app */,
				DE6C94C4292CC4D300E96E18 /* SwiftUITutorialsTests.xctest */,
				DE6C94CE292CC4D300E96E18 /* SwiftUITutorialsUITests.xctest */,
			);
			name = Products;
			sourceTree = "<group>";
		};
		DE6C94B5292CC4D200E96E18 /* SwiftUITutorials */ = {
			isa = PBXGroup;
			children = (
				DE6C94B6292CC4D200E96E18 /* SwiftUITutorialsApp.swift */,
				DE6C94B8292CC4D200E96E18 /* ContentView.swift */,
				DE6C94BA292CC4D300E96E18 /* Assets.xcassets */,
				DE6C94BC292CC4D300E96E18 /* SwiftUITutorials.entitlements */,
				DE6C94BD292CC4D300E96E18 /* Preview Content */,
			);
			path = SwiftUITutorials;
			sourceTree = "<group>";
		};
		DE6C94BD292CC4D300E96E18 /* Preview Content */ = {
			isa = PBXGroup;
			children = (
				DE6C94BE292CC4D300E96E18 /* Preview Assets.xcassets */,
			);
			path = "Preview Content";
			sourceTree = "<group>";
		};
		DE6C94C7292CC4D300E96E18 /* SwiftUITutorialsTests */ = {
			isa = PBXGroup;
			children = (
				DE6C94C8292CC4D300E96E18 /* SwiftUITutorialsTests.swift */,
			);
			path = SwiftUITutorialsTests;
			sourceTree = "<group>";
		};
		DE6C94D1292CC4D300E96E18 /* SwiftUITutorialsUITests */ = {
			isa = PBXGroup;
			children = (
				DE6C94D2292CC4D300E96E18 /* SwiftUITutorialsUITests.swift */,
				DE6C94D4292CC4D300E96E18 /* SwiftUITutorialsUITestsLaunchTests.swift */,
			);
			path = SwiftUITutorialsUITests;
			sourceTree = "<group>";
		};
/* End PBXGroup section */

/* Begin PBXNativeTarget section */
		DE6C94B2292CC4D200E96E18 /* SwiftUITutorials */ = {
			isa = PBXNativeTarget;
			buildConfigurationList = DE6C94D8292CC4D300E96E18 /* Build configuration list for PBXNativeTarget "SwiftUITutorials" */;
			buildPhases = (
				DE6C94AF292CC4D200E96E18 /* Sources */,
				DE6C94B0292CC4D200E96E18 /* Frameworks */,
				DE6C94B1292CC4D200E96E18 /* Resources */,
			);
			buildRules = (
			);
			dependencies = (
			);
			name = SwiftUITutorials;
			productName = SwiftUITutorials;
			productReference = DE6C94B3292CC4D200E96E18 /* SwiftUITutorials.app */;
			productType = "com.apple.product-type.application";
		};
		DE6C94C3292CC4D300E96E18 /* SwiftUITutorialsTests */ = {
			isa = PBXNativeTarget;
			buildConfigurationList = DE6C94DB292CC4D300E96E18 /* Build configuration list for PBXNativeTarget "SwiftUITutorialsTests" */;
			buildPhases = (
				DE6C94C0292CC4D300E96E18 /* Sources */,
				DE6C94C1292CC4D300E96E18 /* Frameworks */,
				DE6C94C2292CC4D300E96E18 /* Resources */,
			);
			buildRules = (
			);
			dependencies = (
				DE6C94C6292CC4D300E96E18 /* PBXTargetDependency */,
			);
			name = SwiftUITutorialsTests;
			productName = SwiftUITutorialsTests;
			productReference = DE6C94C4292CC4D300E96E18 /* SwiftUITutorialsTests.xctest */;
			productType = "com.apple.product-type.bundle.unit-test";
		};
		DE6C94CD292CC4D300E96E18 /* SwiftUITutorialsUITests */ = {
			isa = PBXNativeTarget;
			buildConfigurationList = DE6C94DE292CC4D300E96E18 /* Build configuration list for PBXNativeTarget "SwiftUITutorialsUITests" */;
			buildPhases = (
				DE6C94CA292CC4D300E96E18 /* Sources */,
				DE6C94CB292CC4D300E96E18 /* Frameworks */,
				DE6C94CC292CC4D300E96E18 /* Resources */,
			);
			buildRules = (
			);
			dependencies = (
				DE6C94D0292CC4D300E96E18 /* PBXTargetDependency */,
			);
			name = SwiftUITutorialsUITests;
			productName = SwiftUITutorialsUITests;
			productReference = DE6C94CE292CC4D300E96E18 /* SwiftUITutorialsUITests.xctest */;
			productType = "com.apple.product-type.bundle.ui-testing";
		};
/* End PBXNativeTarget section */

/* Begin PBXProject section */
		DE6C94AB292CC4D200E96E18 /* Project object */ = {
			isa = PBXProject;
			attributes = {
				BuildIndependentTargetsInParallel = 1;
				LastSwiftUpdateCheck = 1410;
				LastUpgradeCheck = 1410;
				TargetAttributes = {
					DE6C94B2292CC4D200E96E18 = {
						CreatedOnToolsVersion = 14.1;
					};
					DE6C94C3292CC4D300E96E18 = {
						CreatedOnToolsVersion = 14.1;
						TestTargetID = DE6C94B2292CC4D200E96E18;
					};
					DE6C94CD292CC4D300E96E18 = {
						CreatedOnToolsVersion = 14.1;
						TestTargetID = DE6C94B2292CC4D200E96E18;
					};
				};
			};
			buildConfigurationList = DE6C94AE292CC4D200E96E18 /* Build configuration list for PBXProject "SwiftUITutorials" */;
			compatibilityVersion = "Xcode 14.0";
			developmentRegion = en;
			hasScannedForEncodings = 0;
			knownRegions = (
				en,
				Base,
			);
			mainGroup = DE6C94AA292CC4D200E96E18;
			productRefGroup = DE6C94B4292CC4D200E96E18 /* Products */;
			projectDirPath = "";
			projectRoot = "";
			targets = (
				DE6C94B2292CC4D200E96E18 /* SwiftUITutorials */,
				DE6C94C3292CC4D300E96E18 /* SwiftUITutorialsTests */,
				DE6C94CD292CC4D300E96E18 /* SwiftUITutorialsUITests */,
			);
		};
/* End PBXProject section */

/* Begin PBXResourcesBuildPhase section */
		DE6C94B1292CC4D200E96E18 /* Resources */ = {
			isa = PBXResourcesBuildPhase;
			buildActionMask = 2147483647;
			files = (
				DE6C94BF292CC4D300E96E18 /* Preview Assets.xcassets in Resources */,
				DE6C94BB292CC4D300E96E18 /* Assets.xcassets in Resources */,
			);
			runOnlyForDeploymentPostprocessing = 0;
		};
		DE6C94C2292CC4D300E96E18 /* Resources */ = {
			isa = PBXResourcesBuildPhase;
			buildActionMask = 2147483647;
			files = (
			);
			runOnlyForDeploymentPostprocessing = 0;
		};
		DE6C94CC292CC4D300E96E18 /* Resources */ = {
			isa = PBXResourcesBuildPhase;
			buildActionMask = 2147483647;
			files = (
			);
			runOnlyForDeploymentPostprocessing = 0;
		};
/* End PBXResourcesBuildPhase section */

/* Begin PBXSourcesBuildPhase section */
		DE6C94AF292CC4D200E96E18 /* Sources */ = {
			isa = PBXSourcesBuildPhase;
			buildActionMask = 2147483647;
			files = (
				DE6C94B9292CC4D200E96E18 /* ContentView.swift in Sources */,
				DE6C94B7292CC4D200E96E18 /* SwiftUITutorialsApp.swift in Sources */,
			);
			runOnlyForDeploymentPostprocessing = 0;
		};
		DE6C94C0292CC4D300E96E18 /* Sources */ = {
			isa = PBXSourcesBuildPhase;
			buildActionMask = 2147483647;
			files = (
				DE6C94C9292CC4D300E96E18 /* SwiftUITutorialsTests.swift in Sources */,
			);
			runOnlyForDeploymentPostprocessing = 0;
		};
		DE6C94CA292CC4D300E96E18 /* Sources */ = {
			isa = PBXSourcesBuildPhase;
			buildActionMask = 2147483647;
			files = (
				DE6C94D5292CC4D300E96E18 /* SwiftUITutorialsUITestsLaunchTests.swift in Sources */,
				DE6C94D3292CC4D300E96E18 /* SwiftUITutorialsUITests.swift in Sources */,
			);
			runOnlyForDeploymentPostprocessing = 0;
		};
/* End PBXSourcesBuildPhase section */

/* Begin PBXTargetDependency section */
		DE6C94C6292CC4D300E96E18 /* PBXTargetDependency */ = {
			isa = PBXTargetDependency;
			target = DE6C94B2292CC4D200E96E18 /* SwiftUITutorials */;
			targetProxy = DE6C94C5292CC4D300E96E18 /* PBXContainerItemProxy */;
		};
		DE6C94D0292CC4D300E96E18 /* PBXTargetDependency */ = {
			isa = PBXTargetDependency;
			target = DE6C94B2292CC4D200E96E18 /* SwiftUITutorials */;
			targetProxy = DE6C94CF292CC4D300E96E18 /* PBXContainerItemProxy */;
		};
/* End PBXTargetDependency section */

/* Begin XCBuildConfiguration section */
		DE6C94D6292CC4D300E96E18 /* Debug */ = {
			isa = XCBuildConfiguration;
			buildSettings = {
				ALWAYS_SEARCH_USER_PATHS = NO;
				CLANG_ANALYZER_NONNULL = YES;
				CLANG_ANALYZER_NUMBER_OBJECT_CONVERSION = YES_AGGRESSIVE;
				CLANG_CXX_LANGUAGE_STANDARD = "gnu++20";
				CLANG_ENABLE_MODULES = YES;
				CLANG_ENABLE_OBJC_ARC = YES;
				CLANG_ENABLE_OBJC_WEAK = YES;
				CLANG_WARN_BLOCK_CAPTURE_AUTORELEASING = YES;
				CLANG_WARN_BOOL_CONVERSION = YES;
				CLANG_WARN_COMMA = YES;
				CLANG_WARN_CONSTANT_CONVERSION = YES;
				CLANG_WARN_DEPRECATED_OBJC_IMPLEMENTATIONS = YES;
				CLANG_WARN_DIRECT_OBJC_ISA_USAGE = YES_ERROR;
				CLANG_WARN_DOCUMENTATION_COMMENTS = YES;
				CLANG_WARN_EMPTY_BODY = YES;
				CLANG_WARN_ENUM_CONVERSION = YES;
				CLANG_WARN_INFINITE_RECURSION = YES;
				CLANG_WARN_INT_CONVERSION = YES;
				CLANG_WARN_NON_LITERAL_NULL_CONVERSION = YES;
				CLANG_WARN_OBJC_IMPLICIT_RETAIN_SELF = YES;
				CLANG_WARN_OBJC_LITERAL_CONVERSION = YES;
				CLANG_WARN_OBJC_ROOT_CLASS = YES_ERROR;
				CLANG_WARN_QUOTED_INCLUDE_IN_FRAMEWORK_HEADER = YES;
				CLANG_WARN_RANGE_LOOP_ANALYSIS = YES;
				CLANG_WARN_STRICT_PROTOTYPES = YES;
				CLANG_WARN_SUSPICIOUS_MOVE = YES;
				CLANG_WARN_UNGUARDED_AVAILABILITY = YES_AGGRESSIVE;
				CLANG_WARN_UNREACHABLE_CODE = YES;
				CLANG_WARN__DUPLICATE_METHOD_MATCH = YES;
				COPY_PHASE_STRIP = NO;
				DEBUG_INFORMATION_FORMAT = dwarf;
				ENABLE_STRICT_OBJC_MSGSEND = YES;
				ENABLE_TESTABILITY = YES;
				GCC_C_LANGUAGE_STANDARD = gnu11;
				GCC_DYNAMIC_NO_PIC = NO;
				GCC_NO_COMMON_BLOCKS = YES;
				GCC_OPTIMIZATION_LEVEL = 0;
				GCC_PREPROCESSOR_DEFINITIONS = (
					"DEBUG=1",
					"$(inherited)",
				);
				GCC_WARN_64_TO_32_BIT_CONVERSION = YES;
				GCC_WARN_ABOUT_RETURN_TYPE = YES_ERROR;
				GCC_WARN_UNDECLARED_SELECTOR = YES;
				GCC_WARN_UNINITIALIZED_AUTOS = YES_AGGRESSIVE;
				GCC_WARN_UNUSED_FUNCTION = YES;
				GCC_WARN_UNUSED_VARIABLE = YES;
				MTL_ENABLE_DEBUG_INFO = INCLUDE_SOURCE;
				MTL_FAST_MATH = YES;
				ONLY_ACTIVE_ARCH = YES;
				SWIFT_ACTIVE_COMPILATION_CONDITIONS = DEBUG;
				SWIFT_OPTIMIZATION_LEVEL = "-Onone";
			};
			name = Debug;
		};
		DE6C94D7292CC4D300E96E18 /* Release */ = {
			isa = XCBuildConfiguration;
			buildSettings = {
				ALWAYS_SEARCH_USER_PATHS = NO;
				CLANG_ANALYZER_NONNULL = YES;
				CLANG_ANALYZER_NUMBER_OBJECT_CONVERSION = YES_AGGRESSIVE;
				CLANG_CXX_LANGUAGE_STANDARD = "gnu++20";
				CLANG_ENABLE_MODULES = YES;
				CLANG_ENABLE_OBJC_ARC = YES;
				CLANG_ENABLE_OBJC_WEAK = YES;
				CLANG_WARN_BLOCK_CAPTURE_AUTORELEASING = YES;
				CLANG_WARN_BOOL_CONVERSION = YES;
				CLANG_WARN_COMMA = YES;
				CLANG_WARN_CONSTANT_CONVERSION = YES;
				CLANG_WARN_DEPRECATED_OBJC_IMPLEMENTATIONS = YES;
				CLANG_WARN_DIRECT_OBJC_ISA_USAGE = YES_ERROR;
				CLANG_WARN_DOCUMENTATION_COMMENTS = YES;
				CLANG_WARN_EMPTY_BODY = YES;
				CLANG_WARN_ENUM_CONVERSION = YES;
				CLANG_WARN_INFINITE_RECURSION = YES;
				CLANG_WARN_INT_CONVERSION = YES;
				CLANG_WARN_NON_LITERAL_NULL_CONVERSION = YES;
				CLANG_WARN_OBJC_IMPLICIT_RETAIN_SELF = YES;
				CLANG_WARN_OBJC_LITERAL_CONVERSION = YES;
				CLANG_WARN_OBJC_ROOT_CLASS = YES_ERROR;
				CLANG_WARN_QUOTED_INCLUDE_IN_FRAMEWORK_HEADER = YES;
				CLANG_WARN_RANGE_LOOP_ANALYSIS = YES;
				CLANG_WARN_STRICT_PROTOTYPES = YES;
				CLANG_WARN_SUSPICIOUS_MOVE = YES;
				CLANG_WARN_UNGUARDED_AVAILABILITY = YES_AGGRESSIVE;
				CLANG_WARN_UNREACHABLE_CODE = YES;
				CLANG_WARN__DUPLICATE_METHOD_MATCH = YES;
				COPY_PHASE_STRIP = NO;
				DEBUG_INFORMATION_FORMAT = "dwarf-with-dsym";
				ENABLE_NS_ASSERTIONS = NO;
				ENABLE_STRICT_OBJC_MSGSEND = YES;
				GCC_C_LANGUAGE_STANDARD = gnu11;
				GCC_NO_COMMON_BLOCKS = YES;
				GCC_WARN_64_TO_32_BIT_CONVERSION = YES;
				GCC_WARN_ABOUT_RETURN_TYPE = YES_ERROR;
				GCC_WARN_UNDECLARED_SELECTOR = YES;
				GCC_WARN_UNINITIALIZED_AUTOS = YES_AGGRESSIVE;
				GCC_WARN_UNUSED_FUNCTION = YES;
				GCC_WARN_UNUSED_VARIABLE = YES;
				MTL_ENABLE_DEBUG_INFO = NO;
				MTL_FAST_MATH = YES;
				SWIFT_COMPILATION_MODE = wholemodule;
				SWIFT_OPTIMIZATION_LEVEL = "-O";
			};
			name = Release;
		};
		DE6C94D9292CC4D300E96E18 /* Debug */ = {
			isa = XCBuildConfiguration;
			buildSettings = {
				ASSETCATALOG_COMPILER_APPICON_NAME = AppIcon;
				ASSETCATALOG_COMPILER_GLOBAL_ACCENT_COLOR_NAME = AccentColor;
				CODE_SIGN_ENTITLEMENTS = SwiftUITutorials/SwiftUITutorials.entitlements;
				CODE_SIGN_STYLE = Automatic;
				CURRENT_PROJECT_VERSION = 1;
				DEVELOPMENT_ASSET_PATHS = "\"SwiftUITutorials/Preview Content\"";
				DEVELOPMENT_TEAM = 2B78WLWK98;
				ENABLE_HARDENED_RUNTIME = YES;
				ENABLE_PREVIEWS = YES;
				GENERATE_INFOPLIST_FILE = YES;
				"INFOPLIST_KEY_UIApplicationSceneManifest_Generation[sdk=iphoneos*]" = YES;
				"INFOPLIST_KEY_UIApplicationSceneManifest_Generation[sdk=iphonesimulator*]" = YES;
				"INFOPLIST_KEY_UIApplicationSupportsIndirectInputEvents[sdk=iphoneos*]" = YES;
				"INFOPLIST_KEY_UIApplicationSupportsIndirectInputEvents[sdk=iphonesimulator*]" = YES;
				"INFOPLIST_KEY_UILaunchScreen_Generation[sdk=iphoneos*]" = YES;
				"INFOPLIST_KEY_UILaunchScreen_Generation[sdk=iphonesimulator*]" = YES;
				"INFOPLIST_KEY_UIStatusBarStyle[sdk=iphoneos*]" = UIStatusBarStyleDefault;
				"INFOPLIST_KEY_UIStatusBarStyle[sdk=iphonesimulator*]" = UIStatusBarStyleDefault;
				INFOPLIST_KEY_UISupportedInterfaceOrientations_iPad = "UIInterfaceOrientationPortrait UIInterfaceOrientationPortraitUpsideDown UIInterfaceOrientationLandscapeLeft UIInterfaceOrientationLandscapeRight";
				INFOPLIST_KEY_UISupportedInterfaceOrientations_iPhone = "UIInterfaceOrientationPortrait UIInterfaceOrientationLandscapeLeft UIInterfaceOrientationLandscapeRight";
				IPHONEOS_DEPLOYMENT_TARGET = 16.1;
				LD_RUNPATH_SEARCH_PATHS = "@executable_path/Frameworks";
				"LD_RUNPATH_SEARCH_PATHS[sdk=macosx*]" = "@executable_path/../Frameworks";
				MACOSX_DEPLOYMENT_TARGET = 13.0;
				MARKETING_VERSION = 1.0;
				PRODUCT_BUNDLE_IDENTIFIER = com.anlythree.SwiftUITutorials;
				PRODUCT_NAME = "$(TARGET_NAME)";
				SDKROOT = auto;
				SUPPORTED_PLATFORMS = "iphoneos iphonesimulator macosx";
				SWIFT_EMIT_LOC_STRINGS = YES;
				SWIFT_VERSION = 5.0;
				TARGETED_DEVICE_FAMILY = "1,2";
			};
			name = Debug;
		};
		DE6C94DA292CC4D300E96E18 /* Release */ = {
			isa = XCBuildConfiguration;
			buildSettings = {
				ASSETCATALOG_COMPILER_APPICON_NAME = AppIcon;
				ASSETCATALOG_COMPILER_GLOBAL_ACCENT_COLOR_NAME = AccentColor;
				CODE_SIGN_ENTITLEMENTS = SwiftUITutorials/SwiftUITutorials.entitlements;
				CODE_SIGN_STYLE = Automatic;
				CURRENT_PROJECT_VERSION = 1;
				DEVELOPMENT_ASSET_PATHS = "\"SwiftUITutorials/Preview Content\"";
				DEVELOPMENT_TEAM = 2B78WLWK98;
				ENABLE_HARDENED_RUNTIME = YES;
				ENABLE_PREVIEWS = YES;
				GENERATE_INFOPLIST_FILE = YES;
				"INFOPLIST_KEY_UIApplicationSceneManifest_Generation[sdk=iphoneos*]" = YES;
				"INFOPLIST_KEY_UIApplicationSceneManifest_Generation[sdk=iphonesimulator*]" = YES;
				"INFOPLIST_KEY_UIApplicationSupportsIndirectInputEvents[sdk=iphoneos*]" = YES;
				"INFOPLIST_KEY_UIApplicationSupportsIndirectInputEvents[sdk=iphonesimulator*]" = YES;
				"INFOPLIST_KEY_UILaunchScreen_Generation[sdk=iphoneos*]" = YES;
				"INFOPLIST_KEY_UILaunchScreen_Generation[sdk=iphonesimulator*]" = YES;
				"INFOPLIST_KEY_UIStatusBarStyle[sdk=iphoneos*]" = UIStatusBarStyleDefault;
				"INFOPLIST_KEY_UIStatusBarStyle[sdk=iphonesimulator*]" = UIStatusBarStyleDefault;
				INFOPLIST_KEY_UISupportedInterfaceOrientations_iPad = "UIInterfaceOrientationPortrait UIInterfaceOrientationPortraitUpsideDown UIInterfaceOrientationLandscapeLeft UIInterfaceOrientationLandscapeRight";
				INFOPLIST_KEY_UISupportedInterfaceOrientations_iPhone = "UIInterfaceOrientationPortrait UIInterfaceOrientationLandscapeLeft UIInterfaceOrientationLandscapeRight";
				IPHONEOS_DEPLOYMENT_TARGET = 16.1;
				LD_RUNPATH_SEARCH_PATHS = "@executable_path/Frameworks";
				"LD_RUNPATH_SEARCH_PATHS[sdk=macosx*]" = "@executable_path/../Frameworks";
				MACOSX_DEPLOYMENT_TARGET = 13.0;
				MARKETING_VERSION = 1.0;
				PRODUCT_BUNDLE_IDENTIFIER = com.anlythree.SwiftUITutorials;
				PRODUCT_NAME = "$(TARGET_NAME)";
				SDKROOT = auto;
				SUPPORTED_PLATFORMS = "iphoneos iphonesimulator macosx";
				SWIFT_EMIT_LOC_STRINGS = YES;
				SWIFT_VERSION = 5.0;
				TARGETED_DEVICE_FAMILY = "1,2";
			};
			name = Release;
		};
		DE6C94DC292CC4D300E96E18 /* Debug */ = {
			isa = XCBuildConfiguration;
			buildSettings = {
				ALWAYS_EMBED_SWIFT_STANDARD_LIBRARIES = YES;
				BUNDLE_LOADER = "$(TEST_HOST)";
				CODE_SIGN_STYLE = Automatic;
				CURRENT_PROJECT_VERSION = 1;
				DEVELOPMENT_TEAM = 2B78WLWK98;
				GENERATE_INFOPLIST_FILE = YES;
				IPHONEOS_DEPLOYMENT_TARGET = 16.1;
				MACOSX_DEPLOYMENT_TARGET = 13.0;
				MARKETING_VERSION = 1.0;
				PRODUCT_BUNDLE_IDENTIFIER = com.anlythree.SwiftUITutorialsTests;
				PRODUCT_NAME = "$(TARGET_NAME)";
				SDKROOT = auto;
				SUPPORTED_PLATFORMS = "iphoneos iphonesimulator macosx";
				SWIFT_EMIT_LOC_STRINGS = NO;
				SWIFT_VERSION = 5.0;
				TARGETED_DEVICE_FAMILY = "1,2";
				TEST_HOST = "$(BUILT_PRODUCTS_DIR)/SwiftUITutorials.app/$(BUNDLE_EXECUTABLE_FOLDER_PATH)/SwiftUITutorials";
			};
			name = Debug;
		};
		DE6C94DD292CC4D300E96E18 /* Release */ = {
			isa = XCBuildConfiguration;
			buildSettings = {
				ALWAYS_EMBED_SWIFT_STANDARD_LIBRARIES = YES;
				BUNDLE_LOADER = "$(TEST_HOST)";
				CODE_SIGN_STYLE = Automatic;
				CURRENT_PROJECT_VERSION = 1;
				DEVELOPMENT_TEAM = 2B78WLWK98;
				GENERATE_INFOPLIST_FILE = YES;
				IPHONEOS_DEPLOYMENT_TARGET = 16.1;
				MACOSX_DEPLOYMENT_TARGET = 13.0;
				MARKETING_VERSION = 1.0;
				PRODUCT_BUNDLE_IDENTIFIER = com.anlythree.SwiftUITutorialsTests;
				PRODUCT_NAME = "$(TARGET_NAME)";
				SDKROOT = auto;
				SUPPORTED_PLATFORMS = "iphoneos iphonesimulator macosx";
				SWIFT_EMIT_LOC_STRINGS = NO;
				SWIFT_VERSION = 5.0;
				TARGETED_DEVICE_FAMILY = "1,2";
				TEST_HOST = "$(BUILT_PRODUCTS_DIR)/SwiftUITutorials.app/$(BUNDLE_EXECUTABLE_FOLDER_PATH)/SwiftUITutorials";
			};
			name = Release;
		};
		DE6C94DF292CC4D300E96E18 /* Debug */ = {
			isa = XCBuildConfiguration;
			buildSettings = {
				ALWAYS_EMBED_SWIFT_STANDARD_LIBRARIES = YES;
				CODE_SIGN_STYLE = Automatic;
				CURRENT_PROJECT_VERSION = 1;
				DEVELOPMENT_TEAM = 2B78WLWK98;
				GENERATE_INFOPLIST_FILE = YES;
				IPHONEOS_DEPLOYMENT_TARGET = 16.1;
				MACOSX_DEPLOYMENT_TARGET = 13.0;
				MARKETING_VERSION = 1.0;
				PRODUCT_BUNDLE_IDENTIFIER = com.anlythree.SwiftUITutorialsUITests;
				PRODUCT_NAME = "$(TARGET_NAME)";
				SDKROOT = auto;
				SUPPORTED_PLATFORMS = "iphoneos iphonesimulator macosx";
				SWIFT_EMIT_LOC_STRINGS = NO;
				SWIFT_VERSION = 5.0;
				TARGETED_DEVICE_FAMILY = "1,2";
				TEST_TARGET_NAME = SwiftUITutorials;
			};
			name = Debug;
		};
		DE6C94E0292CC4D300E96E18 /* Release */ = {
			isa = XCBuildConfiguration;
			buildSettings = {
				ALWAYS_EMBED_SWIFT_STANDARD_LIBRARIES = YES;
				CODE_SIGN_STYLE = Automatic;
				CURRENT_PROJECT_VERSION = 1;
				DEVELOPMENT_TEAM = 2B78WLWK98;
				GENERATE_INFOPLIST_FILE = YES;
				IPHONEOS_DEPLOYMENT_TARGET = 16.1;
				MACOSX_DEPLOYMENT_TARGET = 13.0;
				MARKETING_VERSION = 1.0;
				PRODUCT_BUNDLE_IDENTIFIER = com.anlythree.SwiftUITutorialsUITests;
				PRODUCT_NAME = "$(TARGET_NAME)";
				SDKROOT = auto;
				SUPPORTED_PLATFORMS = "iphoneos iphonesimulator macosx";
				SWIFT_EMIT_LOC_STRINGS = NO;
				SWIFT_VERSION = 5.0;
				TARGETED_DEVICE_FAMILY = "1,2";
				TEST_TARGET_NAME = SwiftUITutorials;
			};
			name = Release;
		};
/* End XCBuildConfiguration section */

/* Begin XCConfigurationList section */
		DE6C94AE292CC4D200E96E18 /* Build configuration list for PBXProject "SwiftUITutorials" */ = {
			isa = XCConfigurationList;
			buildConfigurations = (
				DE6C94D6292CC4D300E96E18 /* Debug */,
				DE6C94D7292CC4D300E96E18 /* Release */,
			);
			defaultConfigurationIsVisible = 0;
			defaultConfigurationName = Release;
		};
		DE6C94D8292CC4D300E96E18 /* Build configuration list for PBXNativeTarget "SwiftUITutorials" */ = {
			isa = XCConfigurationList;
			buildConfigurations = (
				DE6C94D9292CC4D300E96E18 /* Debug */,
				DE6C94DA292CC4D300E96E18 /* Release */,
			);
			defaultConfigurationIsVisible = 0;
			defaultConfigurationName = Release;
		};
		DE6C94DB292CC4D300E96E18 /* Build configuration list for PBXNativeTarget "SwiftUITutorialsTests" */ = {
			isa = XCConfigurationList;
			buildConfigurations = (
				DE6C94DC292CC4D300E96E18 /* Debug */,
				DE6C94DD292CC4D300E96E18 /* Release */,
			);
			defaultConfigurationIsVisible = 0;
			defaultConfigurationName = Release;
		};
		DE6C94DE292CC4D300E96E18 /* Build configuration list for PBXNativeTarget "SwiftUITutorialsUITests" */ = {
			isa = XCConfigurationList;
			buildConfigurations = (
				DE6C94DF292CC4D300E96E18 /* Debug */,
				DE6C94E0292CC4D300E96E18 /* Release */,
			);
			defaultConfigurationIsVisible = 0;
			defaultConfigurationName = Release;
		};
/* End XCConfigurationList section */
	};
	rootObject = DE6C94AB292CC4D200E96E18 /* Project object */;
}
